
Microsoft Visual Studio Solution File, Format Version 12.00
# Visual Studio Version 17
VisualStudioVersion = 17.3.32929.385
MinimumVisualStudioVersion = 10.0.40219.1
Project("{FAE04EC0-301F-11D3-BF4B-00C04F79EFBC}") = "SpolecenskaDeskovaHraSUkoly", "SpolecenskaDeskovaHraSUkoly\SpolecenskaDeskovaHraSUkoly.csproj", "{9DC1F166-94EA-48D5-A878-61D5E180F06D}"
EndProject
Global
	GlobalSection(SolutionConfigurationPlatforms) = preSolution
		Debug|Any CPU = Debug|Any CPU
		Release|Any CPU = Release|Any CPU
	EndGlobalSection
	GlobalSection(ProjectConfigurationPlatforms) = postSolution
		{9DC1F166-94EA-48D5-A878-61D5E180F06D}.Debug|Any CPU.ActiveCfg = Debug|Any CPU
		{9DC1F166-94EA-48D5-A878-61D5E180F06D}.Debug|Any CPU.Build.0 = Debug|Any CPU
		{9DC1F166-94EA-48D5-A878-61D5E180F06D}.Release|Any CPU.ActiveCfg = Release|Any CPU
		{9DC1F166-94EA-48D5-A878-61D5E180F06D}.Release|Any CPU.Build.0 = Release|Any CPU
	EndGlobalSection
	GlobalSection(SolutionProperties) = preSolution
		HideSolutionNode = FALSE
	EndGlobalSection
	GlobalSection(ExtensibilityGlobals) = postSolution
		SolutionGuid = {49AB504E-42E6-4B90-941A-17E300337589}
	EndGlobalSection
EndGlobal
